automation:
  addPlaceholderLabel: Добавить заполнитель (фиктивную кнопку)
  availableScriptsAndWorkflow: Доступные сценарии и рабочие процессы ({{count}})
  badge:
    script: сценарий
    workflow: рабочий процесс
  buttonLabel: Этикетка
  buttonVariant: Вариант
  configuredButtons: Настроенные кнопки
  dummyButtonLabel: Дурачок
  editButton: Редактировать
  editTitle:
    script: Кнопка редактирования скрипта автоматизации
    workflow: Кнопка редактирования рабочего процесса
  label: Автоматизация
  noDescription: без описания
  noLabel: Без маркировки
  noScript: Для этой кнопки не настроен сценарий или рабочий процесс.
  noScripts: Нет ручных скриптов, совместимых с этим блоком страницы
  removeAll: Убрать все
  searchPlaceholder: Фильтр доступных скриптов по метке, имени скрипта и описанию
  stepID: 'Идентификатор начального шага: {{stepID}}'
  variants:
    danger: Опасность
    dark: Темный
    light: Свет
    primary: Начальный
    secondary: Среднее
    success: Успех
    warning: Предупреждение
calendar:
  addEventsSource: Добавить источник событий
  calendarHeader: Заголовок календаря
  feedLabel: Настроить источник событий
  feedPlaceholder: Выберите источник фида
  hideHeader: Скрыть заголовок календаря
  hideNavigation: Скрыть кнопку «предыдущая/следующая»
  hideTitle: Скрыть текст заголовка
  hideToday: Скрыть кнопку «Сегодня»
  label: Календарь
  recordFeed:
    colorLabel: Цвет события
    colorPicker: Выберите цвет
    eventAllDay: Показать как события на весь день
    eventEndFieldLabel: Окончание мероприятия
    eventEndFieldPlaceholder: (Нет поля, событие продлится 1 час)
    eventStartFieldLabel: Начало мероприятия
    eventStartFieldPlaceholder: (Нет поля)
    moduleLabel: Выберите модуль
    modulePlaceholder: (без модуля)
    noMultiFields: Поля с несколькими значениями в настоящее время не поддерживаются
    optionLabel: Рекорды
    prefilterLabel: События предварительной фильтрации
    prefilterPlaceholder: поле1 = 1 И поле2 = 232
    titleLabel: Заголовок
    titlePlaceholder: (Нет поля)
  reminderFeed:
    colorLabel: Цвет события
    optionLabel: Напоминания
  today: Сегодня
  view:
    dayGridMonth: Месяц
    default: Вид по умолчанию
    enabled: Включенные представления
    footnote: Убедитесь, что значение по умолчанию является одним из доступных представлений.
    listMonth: Повестка дня
    onEventClick: При клике по событию
    openInModal: Открыть запись в модальном режиме
    openInNewTab: Открыть запись в новой вкладке
    openInSameTab: Открыть запись в той же вкладке
    timeGridDay: День
    timeGridWeek: Неделя
  viewLabel: Календарь
chart:
  add: Новая диаграмма
  addFunnel: Воронкообразная диаграмма
  addGauge: Калибровочная диаграмма
  addGeneric: Общая диаграмма
  addRadar: Радарная диаграмма
  columns:
    changedAt: Последнее изменение
    handle: Ручка
    name: Имя
  configure:
    label: Настроить диаграмму
    reportLabel: Сообщить {{l}}
    reportsLabel: Отчеты
  createFailed: Не удалось создать диаграмму
  display: Диаграмма для отображения внутри этого блока
  drillDown:
    description: Если выбран список записей, он будет использоваться для отображения
      данных детализации. Если список записей не выбран, детализированные данные будут
      показаны в модальном режиме.
    label: Детализация
    openInModal: Открыть в модальном режиме
  edit:
    dimension:
      function:
        date: ДАТА
        label: Функция
        month: МЕСЯЦ
        none: (без группировки/сегментов)
        placeholder: Выберите модификатор размера (размер сегмента)
        quarter: ЧЕТВЕРТЬ
        week: НЕДЕЛЯ
        year: ГОД
    label: Изменить диаграмму
  label: Диаграмма
  openInBuilder: Открыть в построителе диаграмм
  pick: Выберите диаграмму
  preview:
    chartId: Предварительный просмотр диаграммы (идентификатор {{0}})
  searchPlaceholder: Введите здесь для поиска всех диаграмм в этом пространстве имен
comment:
  contentField:
    footnote: Значение поля будет использоваться как содержимое записи
    label: Поле содержимого
  contentInput: Введите содержание комментария
  label: Комментарии
  referenceField:
    footnote: Значение поля будет использоваться как ссылка
    label: Справочное поле
  sortDirection:
    asc: АСК
    desc: DESC
    footnote: Значение поля будет использоваться как ссылка направления сортировки
    label: Направление сортировки
  submit: Представлять на рассмотрение
  titleField:
    footnote: Значение поля будет использоваться как заголовок записи
    label: Поле заголовка
  titleInput: Введите название комментария
content:
  label: Содержание
  ok: Хорошо
  openLinkInNewTab: Открыть ссылку в новой вкладке
  urlPlaceholder: https://example.tld
field:
  noPermission: Нет разрешения на чтение значения поля
  selector:
    available: Доступные поля
    systemField: (системное поле)
file:
  label: Файл
  preview:
    label: Файловый блок
general:
  border:
    show: Показать границу
  changeBlock: Изменить существующий блок
  descriptionLabel: Описание
  descriptionPlaceholder: Описание блока
  headerStyle: Стиль заголовка блока (цвет)
  hidden:
    label: Скрытый
  label:
    add: Добавлять
    and: И
    back: Назад
    cancel: Отмена
    edit: Редактировать
    general: Общий
    import: Импортировать
    magnify: Увеличить блок
    next: Следующий
    none: Никто
    ok: Хорошо
    permissions: Разрешения
    refresh: Обновить блок
    remove: Удалять
    save: Сохранять
    search: Поиск
  magnifyLabel: Увеличение блока
  magnifyOptions:
    disabled: Неполноценный
    fullscreen: Полноэкранный
    modal: Модальный
  module: Модуль
  refresh:
    auto: Автоматическое обновление
    description: Установка значения 5 секунд или более включает автоматическое обновление
    label: Обновить
    rate: секунды
    show: Показать кнопку обновления
  style:
    danger: Опасный вариант
    default: Темный вариант
    primary: Основной вариант
    secondary: Вторичный вариант
    success: Вариант успеха
    warning: Вариант предупреждения
  title: Добавить новый блок
  titleLabel: Заголовок
  titlePlaceholder: Название блока
  tooltip:
    dragAndDrop: Перетащите, чтобы изменить порядок
    translations: Полевые переводы
  wrap: Показать блок как карточку
geometry:
  addSource: Добавить источник
  bounds:
    boundsLabel: Границы
    lockBounds: Заблокировать границы
    lowerRight: Границы внизу справа
    topLeft: Границы вверху слева
  centerLabel: Центр
  feedLabel: Настроить источники
  label: Геометрия
  lock: Замок
  mapHelpText: Переместите и прокрутите карту до положения, которое будет использоваться
    по умолчанию. Вы также можете заблокировать положение или масштабирование, чтобы
    пользователи не перемещались слишком далеко.
  onMarkerClick: Щелчок по маркеру
  openInModal: Открыть в модальном режиме
  openInNewTab: Открыть в новой вкладке
  openInSameTab: Открыть в той же вкладке
  recordFeed:
    colorLabel: Цвет маркера
    colorPicker: Выберите цвет
    displayMarker: Показать маркер
    displayPolygon: Показать многоугольник
    geometryFieldLabel: Поле геометрии*
    geometryFieldPlaceholder: Поле геометрии
    moduleLabel: Модуль*
    modulePlaceholder: (без модуля)
    noMultiFields: Поля с несколькими значениями в настоящее время не поддерживаются
    optionLabel: Рекорды
    prefilterLabel: Источники предварительной фильтрации
    titleLabel: Заголовок
    titlePlaceholder: Заголовок
  tooltip:
    goToCurrentLocation: Перейти к текущему местоположению
  viewLabel: Геометрия
  zoom:
    zoomLabel: Увеличить
    zoomMaxLabel: Максимальный зум
    zoomMinLabel: Увеличить мин.
    zoomStartingLabel: Увеличить Запуск
iframe:
  label: IFrame
  pickURLField: Выберите поле URL
  srcDesc: Используется в качестве запасного варианта при установке в сочетании с
    полем записи.
  srcFieldDesc: Доступно только на страницах записей и в модулях с существующим типом
    поля «url».
  srcFieldLabel: Поле (URL) из записи для использования в iframe
  srcLabel: URL для отображения в iframe
metric:
  defaultMetricLabel: Безымянный показатель
  drillDown:
    description: Если выбран список записей, он будет использоваться для отображения
      данных детализации. Если список записей не выбран, детализированные данные будут
      показаны в модальном режиме.
    label: Детализация
    openInModal: Открыть в модальном режиме
  edit:
    bucketLabel: Размер ковша
    bucketPlaceholder: Выберите размер ведра
    dateFormat: Формат даты
    dimensionFieldLabel: Поле
    dimensionFieldPlaceholder: Поле размера
    dimensionLabel: Измерение
    filterFootnote: Поддерживается упрощенный синтаксис условия SQL (WHERE...). Оцениваются
      такие переменные, как {{0}}, {{1}} и {{2}} (если они доступны).
    filterLabel: Фильтр
    labelLabel: Этикетка
    labelPlaceholder: Этикетка
    metricAggregateLabel: Операция агрегации
    metricFieldLabel: Поле
    metricFieldPlaceholder: Поле размера
    metricFieldSelect: Выберите поле
    metricLabel: Метрика
    metricSelectAggregate: Выберите операцию агрегирования
    moduleLabel: Модуль
    modulePlaceholder: Выберите модуль
    numberFormat: Формат номера
    operationAvg: Среднее
    operationLabel: Операция агрегации
    operationMax: Макс
    operationMin: Мин.
    operationPlaceholder: Операция агрегации
    operationStd: стандарт
    operationSum: Сумма
    prefixLabel: Префикс
    refreshData: Обновить данные
    suffixLabel: Суффикс
    tabTitle: Метрика
    transformFunctionDescription: v - текущее значение; label - метка текущего значения
    transformFunctionLabel: Преобразовать значение
  editStyle:
    backgroundColor: Фоновый цвет
    color: Цвет текста
    colorPicker: Выберите цвет
    fontSize: Размер шрифта в пикселях
    labelLabel: Стиль этикетки
    valueLabel: Стиль значения
  label: Метрика
navigation:
  None: Никто
  add: Добавить элемент навигации
  addDropdown: Добавить элемент раскрывающегося списка
  alignment: Выравнивание
  appearance: Появление
  background: Фон
  bottom: Нижний
  center: Центр
  chart: Графики
  color: Цвет
  colorPicker: Выберите цвет
  composePage: Создать страницу
  danger: Опасность
  delimiter: Разделитель
  disabled: Неполноценный
  displayOptions: Показать варианты
  displaySubPages: Показать подстраницы
  drop: Выпадающее положение
  dropdown: Падать
  dropdownItems: Выпадающие элементы
  enabled: Включено
  fieldLabel: Этикетка
  info: Информация
  justify: Оправдывать
  label: Навигация
  left: Левый
  multi: Многострочный
  navigationItems: Элементы навигации
  newTab: Новая вкладка
  noNavigationItems: Элемент навигации не настроен
  none: Никто
  openIn: Открыть в
  pills: Таблетки
  preview:
    about: о
    dropdown: падать
    home: Дом
    label: Этикетка
    preview: Предварительный просмотр
  primary: Начальный
  right: Верно
  sameTab: Та же вкладка
  secondary: Среднее
  selectBackground: Выбрать фон
  selectOpenInType: Выберите открытый тип
  small: Маленький
  success: Успех
  tabs: Вкладки
  text: Текст
  top: Вершина
  type: Тип
  url: URL-адрес
  warning: Предупреждение
nylas:
  configurator:
    componentID: Идентификатор компонента
    kind: Тип компонента
    kinds:
      agenda: Повестка дня
      composer: Композитор
      contactList: Список контактов
      conversation: Беседа
      email: Электронная почта
      mailbox: Почтовый ящик
    label: Office365/Гугл
  label: Office365/Гугл
  viewer:
    connect: Свяжитесь с Найласом
    noComponentID: Идентификатор компонента Nylas не настроен
    noExternal: Внешний провайдер Nylas не настроен
progress:
  add: + Добавить
  aggregate:
    label: Операция агрегации
    select: Выберите операцию агрегирования
  animated: Анимированный
  count: Считать
  default-variant: Вариант по умолчанию
  display-options: Показать варианты
  fetch-failed: Не удалось получить отчет о индикаторе выполнения.
  field:
    label: Поле
    select: Выберите поле
  label: Индикатор
  module:
    label: Модуль
    select: Выберите модуль
  preview: Живой пример
  show:
    progress: Показать прогресс
    relative: Показать родственника
    value: Показать значение
  tab:
    label: Прогресс
  threshold:
    label: Порог
    variant: Установите, какой вариант показывать, если значение равно или превышает
      пороговое значение
  thresholds: Пороги
  value:
    default:
      description: Это значение будет использоваться, если метрика не настроена
      label: Значение по умолчанию
    label: Ценить
    max: Максимальное значение
    min: Минимальное значение
  variant:
    danger: Опасность
    dark: Темный
    default: Темный
    info: Информация
    light: Свет
    primary: Начальный
    secondary: Среднее
    success: Успех
    warning: Предупреждение
record:
  confirmDelete: Вы уверены, что хотите удалить эту запись?
  deleteFailed: Не удалось удалить запись
  deleteRecord: Удалить запись
  fieldConditions:
    action: + Добавить
    condition: Состояние
    field: Поле
    help: Пример
    label: Полевые условия
    placeholder: Когда должно отображаться это поле?
    selectPlaceholder: Выберите поле
  invalidOwnerVar: Нельзя использовать переменную ${ownerID} на страницах без записи
  invalidRecordVar: Нельзя использовать переменную ${record...} на страницах без записей
  label: Записывать
  listLoadFailed: Не удалось загрузить список записей
  moduleMismatch: Несовместимый модуль, несоответствие модулей
  moduleOrPageNotSet: 'Ошибка блока RecordList: параметр модуля или страницы не установлен'
  openInModal: Открыть запись в модальном режиме
  openInNewTab: Открыть запись в новой вкладке
  openInSameTab: Открыть запись в той же вкладке
  preview:
    blockNoRecord: Невозможно отобразить этот блок без записи
    fieldsFromModule: Блок с одной записью, отображающий поля ({{0}}) из модуля {{1}}
    untitled: Без названия
  recordDeleted: Эта запись была удалена
  recordSelectorDisplayOptions: В селекторе записи нажмите
  referenceRecordField: Поле ссылочной записи
  referenceRecordFieldDescription: Поля выбора записи с несколькими значениями недоступны
  referenceRecordFieldPlaceholder: Выберите селектор справочной записи
recordList:
  addRecord: Добавлять
  bulkRecord:
    field:
      add: Добавьте поле для обновления
      addAnother: Добавьте еще одно поле для обновления
      remove: Удалить поле
    reset: Перезагрузить
    title: Обновить выбранные записи
  cancelSelection: Отмена
  drillDown:
    filter:
      label: Детализация диаграммы
  editFields: Редактируемые поля модуля
  enableRecordPageNavigation: Пользователи смогут переходить к предыдущей/следующей
    записи
  export:
    all: Экспортировать все записи
    allow: Пользователи смогут экспортировать записи
    csv: Экспорт в CSV
    datePresetUndefined: Неизвестная предустановка даты
    dateRange: 'Выберите диапазон дат:'
    filter:
      createdAt: Запись Создана
      custom: Обычай
      footnote: Поддерживается упрощенный синтаксис условия SQL (WHERE...). Оцениваются
        такие переменные, как {{0}}, {{1}} и {{2}} (если они доступны).
      label: Фильтровать записи
      lastMonth: Прошлый месяц
      lastWeek: На прошлой неделе
      placeholder: поле1 = 1 И поле2 = 232
      thisMonth: Этот месяц
      thisWeek: На этой неделе
      today: Сегодня
      updatedAt: Запись обновлена
    inRange: Установить диапазон дат
    includeQuery: Фильтр по поисковому запросу
    json: Экспорт JSON
    limitations: 'Ограничение экспорта CSV: будет экспортировано только первое значение
      в полях с несколькими значениями'
    query:
      label: Поисковый запрос
      placeholder: Поиск...
    rangeBy: 'Установить диапазон по:'
    recordCount: '{{count}} записей готовы к экспорту'
    selectFields: 'Выберите поля, которые вы хотите экспортировать:'
    selection: Выбранные записи
    specifyTimezone: Экспорт в часовой пояс
    timezonePlaceholder: Выберите часовой пояс
  federated: Федеративное
  fields: Поля модуля
  filter:
    addField: Добавить новое поле фильтра
    addFilter: + Добавить фильтр
    byValue: Фильтрация записей по значению поля
    conditions:
      and: И
      or: ИЛИ
    deletedRecords: Удаленные записи
    field: Поле фильтра
    fieldPlaceholder: Выберите поле
    fieldValue: Значение поля
    fieldValuePlaceholder: Фильтр поля ввода
    filters:
      active: 'Активные фильтры:'
      label: Фильтры
    including: Включая
    label: Фильтр
    name:
      label: Имя
      placeholder: Имя фильтра
    note: Примечание. Если значение поля не определено, фильтр будет искать записи,
      в которых это значение поля не определено.
    only: Только
    operators:
      between: Между
      contains: Содержит
      equal: Равный
      greaterThan: Больше чем
      lessThan: Меньше, чем
      like: Нравиться
      notBetween: Не между
      notContains: Не содержит
      notEqual: Не равный
      notLike: Не как
    presets: Предустановки фильтров
    role:
      label: Роль (и)
      placeholder: Выберите роли, к которым нужно применить фильтр
    title: Фильтр списка записей
    update: Обновить фильтр
    where: Где
    without: Без
  hideRecordCloneButton: Скрыть кнопку записи клона
  hideRecordEditButton: Скрыть кнопку редактирования записи
  hideRecordPermissionsButton: Скрыть кнопку разрешений на запись
  hideRecordReminderButton: Скрыть кнопку напоминания о записи
  hideRecordViewButton: Скрыть кнопку просмотра записи
  import:
    dropzoneFileAdded: '{{name}} загружено и готово к импорту (запись {{count}})'
    dropzoneFileAdded_plural: '{{name}} загружено и готово к импорту ({{count}} записей)'
    dropzoneLabel: Нажмите или перетащите сюда файл для загрузки (.csv или JSON)
    failed: 'Что-то пошло не так во время импорта. Пожалуйста, попробуйте еще раз:
      {{failReason}}'
    fileColumns: Столбцы файла
    hasRequiredFileFields: В этом модуле есть обязательные поля для загрузки файлов
    matchFields: 'Сопоставьте импортированные столбцы с существующими:'
    moduleFields: Поля модуля
    onError: 'Если какая-либо запись не импортируется:'
    onErrorFail: Отменить импорт
    onErrorSkip: Пропустить запись
    pickModuleField: Выберите поле модуля
    progressRatio: '{{completed}} / {{entryCount}} строк'
    report:
      count: Количество записей
      detectedErrors: Обнаруженные ошибки
      error: Ошибка
      failedEntries: Неудачные исходные записи
      failedEntriesLine: Вход
      failedEntriesLines: Записи с по (включительно)
      failedRecords: Неудачные записи
      finishedAt: Закончено в
      importedRecords: Импортированные записи
      startedAt: Началось в
      title: Записать отчет об ошибке импорта
      totalRecords: Всего записей
    success: Импорт выполнен успешно
    to: Импортировать в {{имя_модуля}}
    uploadFile: Загрузите файл, который вы хотите импортировать (формат .csv или JSON)
  inlineEdit:
    button:
      title: Изменить значение
    enabled: Редактирование встроенных значений включено
    modal:
      title: Обновить значения записи
  label: Список записей
  moduleFieldsFootnote: Если поля не выбраны, будут показаны поля по умолчанию.
  moduleFootnote: Модули без {{0}} можно использовать только в списке записей в качестве
    встроенного редактора.
  noRecords: Нет записей, соответствующих вашему запросу
  pagination:
    next: Следующий
    prev: Предыдущий
    showing: '{{from}} - {{to}} из {{count}} записей'
    single: Одна запись
    single_plural: '{{count}} записей'
  positionField:
    footnote: Записи будут отсортированы на основе этого поля
    label: Поле сортировки записи
  preview:
    addRecordButton: Добавить кнопку записи
    bePaged: '{{0}} будут выведены на страницу.'
    isDisabled: '{{0}} отключен.'
    isEnabled: '{{0}} включен.'
    isHidden: '{{0}} скрыт.'
    isShown: '{{0}} показано'
    moduleNotSelected: Блок с таблицей рекордов, модуль не выбран.
    recordFromModule: 'Отображение записей из модуля {{0}} со столбцами: {{1}}'
    recordsPerPage: '{{0}} записей отображается на странице.'
    resultsCan: Результаты могут
    resultsCant: Результаты не могут
    resultsPrefiltered: 'Результаты предварительно фильтруются:'
    searchInput: Поле ввода поиска
    sorting: Сортировка
    tableHeader: Заголовок таблицы
    usersSearchThrough: Пользователи выполняют поиск по записям
    usersSee: Пользователи видят {{0}}
    withPresortedRecords: с предварительно отсортированной ({{0}}) записью
  record:
    buttons: Кнопки записи
    draggable: Можно перетаскивать записи, чтобы упорядочить их
    enableBulkRecordEdit: Включить массовое редактирование записи
    filterHide: Пользователи смогут фильтровать список
    fullPageNavigation: Полная навигация по страницам
    generalLabel: общие настройки
    hideAddButton: Пользователи смогут добавлять новые записи
    hideImportButton: Пользователи смогут импортировать записи
    hidePaging: Пользователь сможет использовать пейджинг
    inlineEditor: Встроенные параметры
    inlineEditorAllow: Встроенный редактор записей
    linkToParent: Ссылка на родительскую запись
    moreOptions: Больше вариантов
    noPermission: Нет разрешения на чтение записи
    openInModal: Открыть запись в модальном режиме
    openInNewTab: Открыть запись в новой вкладке
    openInSameTab: Открыть запись в той же вкладке
    pagingLabel: пейджинг
    pagingOptions: Параметры пейджинга
    perPage: Записей на страницу
    prefilterCommand: Предварительный фильтр
    prefilterFootnote: Поддерживается упрощенный синтаксис условия SQL (WHERE...).
      Оцениваются такие переменные, как {{0}}, {{1}} и {{2}} (если они доступны).
    prefilterHideSearch: Пользователи смогут осуществлять поиск в списке записей
    prefilterLabel: Фильтрация
    prefilterPlaceholder: поле1 = 1 И поле2 = 232
    presortFootnote: Поддерживается упрощенный синтаксис условия SQL (ORDER BY...).
    presortHideSort: Пользователи смогут сортировать список
    presortInputLabel: Предварительная сортировка
    presortLabel: Сортировка
    presortPlaceholder: поле1 DESC, поле2 ASC
    presortToggleInput: Переключить тип ввода
    recordDisplayOptions: На запись нажмите
    recordSelectorDisplayOptions: В селекторе записи нажмите
    recordsLabel: Рекорды
    showDeletedRecordsOption: Показать параметр для просмотра удаленных записей
    showTotalCount: Показать общее количество записей
    tooltip:
      clone: Клон
      delete: Удалить
      edit: Редактировать
      permissions: Разрешения
      reminder: Напоминание
      restore: Восстановить
      view: Вид
  recordPage: страница записи
  refField:
    footnote: Поле, которое связывает записи с родительской записью
    label: Родительское поле
  selectable: Пользователи смогут выбирать записи
  selected: Выбрано {{count}} из {{total}} записей
  showRecords:
    deleted: Показать удаленные записи
    existing: Показать существующие записи
  sort:
    tooltip: Сортировать столбец
  tooltip:
    deleteSelected: Удалить выбранные записи
    undeleteSelected: Восстановить выбранные записи
recordOrganizer:
  addNewRecord: + Добавить новую запись
  descriptionField:
    footnote: Значение поля будет использоваться как описание записи
    label: Поле описания
  group:
    footnote: Значение, которое будет установлено в ключевое поле. Записи будут фильтроваться
      на основе этого значения, если оно определено.
    label: Ключевое значение
  groupField:
    footnote: Поле, значение которого изменится при перемещении записи в организатор
      записей
    label: Ключевое поле
  label: Организатор записи
  labelField:
    footnote: Значение поля будет использоваться как метка записи
    label: Поле метки
  noRecords: Нет записей в модуле, связанном с организатором записей. Перетащите записи
    сюда.
  notConfigured: Организатор записи настроен неправильно
  onRecordClick: На запись нажмите
  openInModal: Открыть в модальном режиме
  openInNewTab: Открыть в новой вкладке
  openInSameTab: Открыть в той же вкладке
  positionField:
    footnote: Записи будут отсортированы по этому полю. Значение этого поля будет
      обновляться в зависимости от позиции записи.
    label: Поле сортировки записи
  preview:
    label: 'Блок «Организатор записей» для модуля {{0}}. Поле метки {{1}}, поле описания
      {{2}}. Поле установки значения: {{3}}, поле сортировки по положению: {{4}}.'
    moduleNotSelected: Модуль «Организатор записей» не выбран
recordRevisions:
  configurator:
    errors:
      invalid-module-id: Поле не содержит допустимого идентификатора модуля.
    fields:
      columns:
        displayed-fields:
          label: Показывать
        expanded-references:
          label: Развернуть ссылки
        kind:
          label: Тип
        label:
          label: Этикетка
      label: Настройка полей для отображения в изменениях ревизий записей
      show-all:
        label: Показать изменения для всех полей
    label: Запись изменений
    preload: Предварительно загружать версии записей
  label: Запись изменений
  viewer:
    changes:
      columns:
        field:
          label: Поле
        new-value:
          label: Новое значение
        old-value:
          label: Старое значение
    errors:
      disabled-on-module: Редакции записей отключены в этом модуле.
      no-record: Не найдена запись для отображения изменений для
      no-revisions: Ревизий записи не найдено
    revisions:
      columns:
        operation:
          label: Операция
        timestamp:
          label: Отметка времени
        user:
          label: Пользователь
    show-changes: '{{ количество }} изменений'
    show-revisions: Показать ревизии записей ({{ ревизия }})
report:
  element:
    description: Элементы отображения сгруппированы по соответствующим блокам
    label: Элемент отображения
  label: Отчет
  scenario:
    label: Сценарий
selectBlockFootnote: Некоторые типы могут быть отключены для страниц без записи.
selector:
  selectableBlocks:
    placeholder: Блоки из других макетов
  tooltip:
    clone:
      noRef: Клонировать без ссылок
      ref: Клон со ссылками
socialFeed:
  label: Лента Твиттера
  noInput: Нет ввода для отображения социальной ленты...
  preview:
    socialFeed: Лента Twitterblo
  twitterProfileField: Поле, содержащее URL-адрес профиля Twitter для записи
  twitterProfileLabel: URL-адрес профиля Twitter для страниц списка, например (https://twitter.com/bloomberg)
tabs:
  addTab: + Добавить
  alertTitle: Установите заголовок для вашего блока
  displayTitle: Показать варианты
  label: Вкладки
  newBlockModal: Добавить новый блок
  noBlock: Блок не настроен
  noTabs: Вкладки не настроены
  placeholder:
    block: Выберите блок для вкладки
  preview: Живой пример
  selectBlock: Выберите блок
  style:
    alignment:
      center: Центр
      label: Выравнивание
      left: Левый
      right: Верно
    appearance:
      label: Появление
      pills: Таблетки
      small: Маленький
      tabs: Вкладки
    justify:
      justify: Оправдывать
      label: Оправдывать
      none: Никто
    orientation:
      horizontal: Горизонтальный
      label: Ориентация
      vertical: Вертикальный
    position:
      end: Конец
      label: Позиция
      start: Начинать
  tab: Вкладка
  table:
    columns:
      block:
        label: Блокировать
      title:
        label: Заголовок
  title: Вкладки
  tooltip:
    addBlock: Добавить новый блок
    addTab: Добавить вкладку
    delete: Удалить вкладку
    edit: Редактировать блок
    editDisabled: Редактирование блоков с вкладками отключено, пока вы не сохраните
      этот блок
